// !$*UTF8*$!
{
	archiveVersion = 1;
	classes = {
	};
	objectVersion = 46;
	objects = {

/* Begin PBXBuildFile section */
		4111290E653C4A576AB3EE42 /* Pods_Lab01.framework in Frameworks */ = {isa = PBXBuildFile; fileRef = DF79ECC3BF1199147A4BDBF5 /* Pods_Lab01.framework */; };
		FC2366841D1314A5007A060E /* AppDelegate.swift in Sources */ = {isa = PBXBuildFile; fileRef = FC2366831D1314A5007A060E /* AppDelegate.swift */; };
		FC2366891D1314A5007A060E /* Main.storyboard in Resources */ = {isa = PBXBuildFile; fileRef = FC2366871D1314A5007A060E /* Main.storyboard */; };
		FC23668B1D1314A5007A060E /* Assets.xcassets in Resources */ = {isa = PBXBuildFile; fileRef = FC23668A1D1314A5007A060E /* Assets.xcassets */; };
		FC23668E1D1314A5007A060E /* LaunchScreen.storyboard in Resources */ = {isa = PBXBuildFile; fileRef = FC23668C1D1314A5007A060E /* LaunchScreen.storyboard */; };
		FC2366981D131629007A060E /* PhotosViewController.swift in Sources */ = {isa = PBXBuildFile; fileRef = FC2366971D131629007A060E /* PhotosViewController.swift */; };
		FC23669A1D13182A007A060E /* PhotosCell.swift in Sources */ = {isa = PBXBuildFile; fileRef = FC2366991D13182A007A060E /* PhotosCell.swift */; };
		FC23669C1D1323D9007A060E /* PhotoDetailsViewController.swift in Sources */ = {isa = PBXBuildFile; fileRef = FC23669B1D1323D9007A060E /* PhotoDetailsViewController.swift */; };
/* End PBXBuildFile section */

/* Begin PBXFileReference section */
		330F868339C424DE78BB37DF /* Pods-Lab01.debug.xcconfig */ = {isa = PBXFileReference; includeInIndex = 1; lastKnownFileType = text.xcconfig; name = "Pods-Lab01.debug.xcconfig"; path = "Pods/Target Support Files/Pods-Lab01/Pods-Lab01.debug.xcconfig"; sourceTree = "<group>"; };
		C2E58C86F8A47246E56B6F9A /* Pods-Lab01.release.xcconfig */ = {isa = PBXFileReference; includeInIndex = 1; lastKnownFileType = text.xcconfig; name = "Pods-Lab01.release.xcconfig"; path = "Pods/Target Support Files/Pods-Lab01/Pods-Lab01.release.xcconfig"; sourceTree = "<group>"; };
		DF79ECC3BF1199147A4BDBF5 /* Pods_Lab01.framework */ = {isa = PBXFileReference; explicitFileType = wrapper.framework; includeInIndex = 0; path = Pods_Lab01.framework; sourceTree = BUILT_PRODUCTS_DIR; };
		FC2366801D1314A5007A060E /* Lab01.app */ = {isa = PBXFileReference; explicitFileType = wrapper.application; includeInIndex = 0; path = Lab01.app; sourceTree = BUILT_PRODUCTS_DIR; };
		FC2366831D1314A5007A060E /* AppDelegate.swift */ = {isa = PBXFileReference; lastKnownFileType = sourcecode.swift; path = AppDelegate.swift; sourceTree = "<group>"; };
		FC2366881D1314A5007A060E /* Base */ = {isa = PBXFileReference; lastKnownFileType = file.storyboard; name = Base; path = Base.lproj/Main.storyboard; sourceTree = "<group>"; };
		FC23668A1D1314A5007A060E /* Assets.xcassets */ = {isa = PBXFileReference; lastKnownFileType = folder.assetcatalog; path = Assets.xcassets; sourceTree = "<group>"; };
		FC23668D1D1314A5007A060E /* Base */ = {isa = PBXFileReference; lastKnownFileType = file.storyboard; name = Base; path = Base.lproj/LaunchScreen.storyboard; sourceTree = "<group>"; };
		FC23668F1D1314A5007A060E /* Info.plist */ = {isa = PBXFileReference; lastKnownFileType = text.plist.xml; path = Info.plist; sourceTree = "<group>"; };
		FC2366971D131629007A060E /* PhotosViewController.swift */ = {isa = PBXFileReference; fileEncoding = 4; lastKnownFileType = sourcecode.swift; path = PhotosViewController.swift; sourceTree = "<group>"; };
		FC2366991D13182A007A060E /* PhotosCell.swift */ = {isa = PBXFileReference; fileEncoding = 4; lastKnownFileType = sourcecode.swift; path = PhotosCell.swift; sourceTree = "<group>"; };
		FC23669B1D1323D9007A060E /* PhotoDetailsViewController.swift */ = {isa = PBXFileReference; fileEncoding = 4; lastKnownFileType = sourcecode.swift; path = PhotoDetailsViewController.swift; sourceTree = "<group>"; };
/* End PBXFileReference section */

/* Begin PBXFrameworksBuildPhase section */
		FC23667D1D1314A5007A060E /* Frameworks */ = {
			isa = PBXFrameworksBuildPhase;
			buildActionMask = 2147483647;
			files = (
				4111290E653C4A576AB3EE42 /* Pods_Lab01.framework in Frameworks */,
			);
			runOnlyForDeploymentPostprocessing = 0;
		};
/* End PBXFrameworksBuildPhase section */

/* Begin PBXGroup section */
		6E2F0DBBE23F00F22D4FBC69 /* Frameworks */ = {
			isa = PBXGroup;
			children = (
				DF79ECC3BF1199147A4BDBF5 /* Pods_Lab01.framework */,
			);
			name = Frameworks;
			sourceTree = "<group>";
		};
		81A6BF1DA6066AED96F4466A /* Pods */ = {
			isa = PBXGroup;
			children = (
				330F868339C424DE78BB37DF /* Pods-Lab01.debug.xcconfig */,
				C2E58C86F8A47246E56B6F9A /* Pods-Lab01.release.xcconfig */,
			);
			name = Pods;
			sourceTree = "<group>";
		};
		FC2366771D1314A5007A060E = {
			isa = PBXGroup;
			children = (
				FC2366821D1314A5007A060E /* Lab01 */,
				FC2366811D1314A5007A060E /* Products */,
				81A6BF1DA6066AED96F4466A /* Pods */,
				6E2F0DBBE23F00F22D4FBC69 /* Frameworks */,
			);
			sourceTree = "<group>";
		};
		FC2366811D1314A5007A060E /* Products */ = {
			isa = PBXGroup;
			children = (
				FC2366801D1314A5007A060E /* Lab01.app */,
			);
			name = Products;
			sourceTree = "<group>";
		};
		FC2366821D1314A5007A060E /* Lab01 */ = {
			isa = PBXGroup;
			children = (
				FC2366831D1314A5007A060E /* AppDelegate.swift */,
				FC2366971D131629007A060E /* PhotosViewController.swift */,
				FC2366871D1314A5007A060E /* Main.storyboard */,
				FC23669B1D1323D9007A060E /* PhotoDetailsViewController.swift */,
				FC2366991D13182A007A060E /* PhotosCell.swift */,
				FC23668A1D1314A5007A060E /* Assets.xcassets */,
				FC23668C1D1314A5007A060E /* LaunchScreen.storyboard */,
				FC23668F1D1314A5007A060E /* Info.plist */,
			);
			path = Lab01;
			sourceTree = "<group>";
		};
/* End PBXGroup section */

/* Begin PBXNativeTarget section */
		FC23667F1D1314A5007A060E /* Lab01 */ = {
			isa = PBXNativeTarget;
			buildConfigurationList = FC2366921D1314A5007A060E /* Build configuration list for PBXNativeTarget "Lab01" */;
			buildPhases = (
				CB496DA0D5CAD52D3400C38E /* [CP] Check Pods Manifest.lock */,
				FC23667C1D1314A5007A060E /* Sources */,
				FC23667D1D1314A5007A060E /* Frameworks */,
				FC23667E1D1314A5007A060E /* Resources */,
				56A5009D78F60095A05ACCA8 /* [CP] Embed Pods Frameworks */,
				4ABD104D7D2B9ECB6BDC63CB /* [CP] Copy Pods Resources */,
			);
			buildRules = (
			);
			dependencies = (
			);
			name = Lab01;
			productName = Lab01;
			productReference = FC2366801D1314A5007A060E /* Lab01.app */;
			productType = "com.apple.product-type.application";
		};
/* End PBXNativeTarget section */

/* Begin PBXProject section */
		FC2366781D1314A5007A060E /* Project object */ = {
			isa = PBXProject;
			attributes = {
				LastSwiftUpdateCheck = 0730;
				LastUpgradeCheck = 0730;
				ORGANIZATIONNAME = "Sumedha Mehta";
				TargetAttributes = {
					FC23667F1D1314A5007A060E = {
						CreatedOnToolsVersion = 7.3.1;
					};
				};
			};
			buildConfigurationList = FC23667B1D1314A5007A060E /* Build configuration list for PBXProject "Lab01" */;
			compatibilityVersion = "Xcode 3.2";
			developmentRegion = English;
			hasScannedForEncodings = 0;
			knownRegions = (
				en,
				Base,
			);
			mainGroup = FC2366771D1314A5007A060E;
			productRefGroup = FC2366811D1314A5007A060E /* Products */;
			projectDirPath = "";
			projectRoot = "";
			targets = (
				FC23667F1D1314A5007A060E /* Lab01 */,
			);
		};
/* End PBXProject section */

/* Begin PBXResourcesBuildPhase section */
		FC23667E1D1314A5007A060E /* Resources */ = {
			isa = PBXResourcesBuildPhase;
			buildActionMask = 2147483647;
			files = (
				FC23668E1D1314A5007A060E /* LaunchScreen.storyboard in Resources */,
				FC23668B1D1314A5007A060E /* Assets.xcassets in Resources */,
				FC2366891D1314A5007A060E /* Main.storyboard in Resources */,
			);
			runOnlyForDeploymentPostprocessing = 0;
		};
/* End PBXResourcesBuildPhase section */

/* Begin PBXShellScriptBuildPhase section */
		4ABD104D7D2B9ECB6BDC63CB /* [CP] Copy Pods Resources */ = {
			isa = PBXShellScriptBuildPhase;
			buildActionMask = 2147483647;
			files = (
			);
			inputPaths = (
			);
			name = "[CP] Copy Pods Resources";
			outputPaths = (
			);
			runOnlyForDeploymentPostprocessing = 0;
			shellPath = /bin/sh;
			shellScript = "\"${SRCROOT}/Pods/Target Support Files/Pods-Lab01/Pods-Lab01-resources.sh\"\n";
			showEnvVarsInLog = 0;
		};
		56A5009D78F60095A05ACCA8 /* [CP] Embed Pods Frameworks */ = {
			isa = PBXShellScriptBuildPhase;
			buildActionMask = 2147483647;
			files = (
			);
			inputPaths = (
			);
			name = "[CP] Embed Pods Frameworks";
			outputPaths = (
			);
			runOnlyForDeploymentPostprocessing = 0;
			shellPath = /bin/sh;
			shellScript = "\"${SRCROOT}/Pods/Target Support Files/Pods-Lab01/Pods-Lab01-frameworks.sh\"\n";
			showEnvVarsInLog = 0;
		};
		CB496DA0D5CAD52D3400C38E /* [CP] Check Pods Manifest.lock */ = {
			isa = PBXShellScriptBuildPhase;
			buildActionMask = 2147483647;
			files = (
			);
			inputPaths = (
			);
			name = "[CP] Check Pods Manifest.lock";
			outputPaths = (
			);
			runOnlyForDeploymentPostprocessing = 0;
			shellPath = /bin/sh;
			shellScript = "diff \"${PODS_ROOT}/../Podfile.lock\" \"${PODS_ROOT}/Manifest.lock\" > /dev/null\nif [[ $? != 0 ]] ; then\n    cat << EOM\nerror: The sandbox is not in sync with the Podfile.lock. Run 'pod install' or update your CocoaPods installation.\nEOM\n    exit 1\nfi\n";
			showEnvVarsInLog = 0;
		};
/* End PBXShellScriptBuildPhase section */

/* Begin PBXSourcesBuildPhase section */
		FC23667C1D1314A5007A060E /* Sources */ = {
			isa = PBXSourcesBuildPhase;
			buildActionMask = 2147483647;
			files = (
				FC23669C1D1323D9007A060E /* PhotoDetailsViewController.swift in Sources */,
				FC2366841D1314A5007A060E /* AppDelegate.swift in Sources */,
				FC2366981D131629007A060E /* PhotosViewController.swift in Sources */,
				FC23669A1D13182A007A060E /* PhotosCell.swift in Sources */,
			);
			runOnlyForDeploymentPostprocessing = 0;
		};
/* End PBXSourcesBuildPhase section */

/* Begin PBXVariantGroup section */
		FC2366871D1314A5007A060E /* Main.storyboard */ = {
			isa = PBXVariantGroup;
			children = (
				FC2366881D1314A5007A060E /* Base */,
			);
			name = Main.storyboard;
			sourceTree = "<group>";
		};
		FC23668C1D1314A5007A060E /* LaunchScreen.storyboard */ = {
			isa = PBXVariantGroup;
			children = (
				FC23668D1D1314A5007A060E /* Base */,
			);
			name = LaunchScreen.storyboard;
			sourceTree = "<group>";
		};
/* End PBXVariantGroup section */

/* Begin XCBuildConfiguration section */
		FC2366901D1314A5007A060E /* Debug */ = {
			isa = XCBuildConfiguration;
			buildSettings = {
				ALWAYS_SEARCH_USER_PATHS = NO;
				CLANG_ANALYZER_NONNULL = YES;
				CLANG_CXX_LANGUAGE_STANDARD = "gnu++0x";
				CLANG_CXX_LIBRARY = "libc++";
				CLANG_ENABLE_MODULES = YES;
				CLANG_ENABLE_OBJC_ARC = YES;
				CLANG_WARN_BOOL_CONVERSION = YES;
				CLANG_WARN_CONSTANT_CONVERSION = YES;
				CLANG_WARN_DIRECT_OBJC_ISA_USAGE = YES_ERROR;
				CLANG_WARN_EMPTY_BODY = YES;
				CLANG_WARN_ENUM_CONVERSION = YES;
				CLANG_WARN_INT_CONVERSION = YES;
				CLANG_WARN_OBJC_ROOT_CLASS = YES_ERROR;
				CLANG_WARN_UNREACHABLE_CODE = YES;
				CLANG_WARN__DUPLICATE_METHOD_MATCH = YES;
				"CODE_SIGN_IDENTITY[sdk=iphoneos*]" = "iPhone Developer";
				COPY_PHASE_STRIP = NO;
				DEBUG_INFORMATION_FORMAT = dwarf;
				ENABLE_STRICT_OBJC_MSGSEND = YES;
				ENABLE_TESTABILITY = YES;
				GCC_C_LANGUAGE_STANDARD = gnu99;
				GCC_DYNAMIC_NO_PIC = NO;
				GCC_NO_COMMON_BLOCKS = YES;
				GCC_OPTIMIZATION_LEVEL = 0;
				GCC_PREPROCESSOR_DEFINITIONS = (
					"DEBUG=1",
					"$(inherited)",
				);
				GCC_WARN_64_TO_32_BIT_CONVERSION = YES;
				GCC_WARN_ABOUT_RETURN_TYPE = YES_ERROR;
				GCC_WARN_UNDECLARED_SELECTOR = YES;
				GCC_WARN_UNINITIALIZED_AUTOS = YES_AGGRESSIVE;
				GCC_WARN_UNUSED_FUNCTION = YES;
				GCC_WARN_UNUSED_VARIABLE = YES;
				IPHONEOS_DEPLOYMENT_TARGET = 9.3;
				MTL_ENABLE_DEBUG_INFO = YES;
				ONLY_ACTIVE_ARCH = YES;
				SDKROOT = iphoneos;
				SWIFT_OPTIMIZATION_LEVEL = "-Onone";
			};
			name = Debug;
		};
		FC2366911D1314A5007A060E /* Release */ = {
			isa = XCBuildConfiguration;
			buildSettings = {
				ALWAYS_SEARCH_USER_PATHS = NO;
				CLANG_ANALYZER_NONNULL = YES;
				CLANG_CXX_LANGUAGE_STANDARD = "gnu++0x";
				CLANG_CXX_LIBRARY = "libc++";
				CLANG_ENABLE_MODULES = YES;
				CLANG_ENABLE_OBJC_ARC = YES;
				CLANG_WARN_BOOL_CONVERSION = YES;
				CLANG_WARN_CONSTANT_CONVERSION = YES;
				CLANG_WARN_DIRECT_OBJC_ISA_USAGE = YES_ERROR;
				CLANG_WARN_EMPTY_BODY = YES;
				CLANG_WARN_ENUM_CONVERSION = YES;
				CLANG_WARN_INT_CONVERSION = YES;
				CLANG_WARN_OBJC_ROOT_CLASS = YES_ERROR;
				CLANG_WARN_UNREACHABLE_CODE = YES;
				CLANG_WARN__DUPLICATE_METHOD_MATCH = YES;
				"CODE_SIGN_IDENTITY[sdk=iphoneos*]" = "iPhone Developer";
				COPY_PHASE_STRIP = NO;
				DEBUG_INFORMATION_FORMAT = "dwarf-with-dsym";
				ENABLE_NS_ASSERTIONS = NO;
				ENABLE_STRICT_OBJC_MSGSEND = YES;
				GCC_C_LANGUAGE_STANDARD = gnu99;
				GCC_NO_COMMON_BLOCKS = YES;
				GCC_WARN_64_TO_32_BIT_CONVERSION = YES;
				GCC_WARN_ABOUT_RETURN_TYPE = YES_ERROR;
				GCC_WARN_UNDECLARED_SELECTOR = YES;
				GCC_WARN_UNINITIALIZED_AUTOS = YES_AGGRESSIVE;
				GCC_WARN_UNUSED_FUNCTION = YES;
				GCC_WARN_UNUSED_VARIABLE = YES;
				IPHONEOS_DEPLOYMENT_TARGET = 9.3;
				MTL_ENABLE_DEBUG_INFO = NO;
				SDKROOT = iphoneos;
				VALIDATE_PRODUCT = YES;
			};
			name = Release;
		};
		FC2366931D1314A5007A060E /* Debug */ = {
			isa = XCBuildConfiguration;
			baseConfigurationReference = 330F868339C424DE78BB37DF /* Pods-Lab01.debug.xcconfig */;
			buildSettings = {
				ASSETCATALOG_COMPILER_APPICON_NAME = AppIcon;
				INFOPLIST_FILE = Lab01/Info.plist;
				LD_RUNPATH_SEARCH_PATHS = "$(inherited) @executable_path/Frameworks";
				PRODUCT_BUNDLE_IDENTIFIER = com.codepath.Lab01;
				PRODUCT_NAME = "$(TARGET_NAME)";
			};
			name = Debug;
		};
		FC2366941D1314A5007A060E /* Release */ = {
			isa = XCBuildConfiguration;
			baseConfigurationReference = C2E58C86F8A47246E56B6F9A /* Pods-Lab01.release.xcconfig */;
			buildSettings = {
				ASSETCATALOG_COMPILER_APPICON_NAME = AppIcon;
				INFOPLIST_FILE = Lab01/Info.plist;
				LD_RUNPATH_SEARCH_PATHS = "$(inherited) @executable_path/Frameworks";
				PRODUCT_BUNDLE_IDENTIFIER = com.codepath.Lab01;
				PRODUCT_NAME = "$(TARGET_NAME)";
			};
			name = Release;
		};
/* End XCBuildConfiguration section */

/* Begin XCConfigurationList section */
		FC23667B1D1314A5007A060E /* Build configuration list for PBXProject "Lab01" */ = {
			isa = XCConfigurationList;
			buildConfigurations = (
				FC2366901D1314A5007A060E /* Debug */,
				FC2366911D1314A5007A060E /* Release */,
			);
			defaultConfigurationIsVisible = 0;
			defaultConfigurationName = Release;
		};
		FC2366921D1314A5007A060E /* Build configuration list for PBXNativeTarget "Lab01" */ = {
			isa = XCConfigurationList;
			buildConfigurations = (
				FC2366931D1314A5007A060E /* Debug */,
				FC2366941D1314A5007A060E /* Release */,
			);
			defaultConfigurationIsVisible = 0;
			defaultConfigurationName = Release;
		};
/* End XCConfigurationList section */
	};
	rootObject = FC2366781D1314A5007A060E /* Project object */;
}
